// !$*UTF8*$!
{
	archiveVersion = 1;
	classes = {
	};
	objectVersion = 51;
	objects = {

/* Begin PBXBuildFile section */
		45606B4164FF31B67B4FE119 /* Pods_MarvelAPIListSample.framework in Frameworks */ = {isa = PBXBuildFile; fileRef = 909A5B379E374782D7242860 /* Pods_MarvelAPIListSample.framework */; };
		C391D4DF764499F884B99B39 /* Pods_MarvelAPIListSampleUITests.framework in Frameworks */ = {isa = PBXBuildFile; fileRef = F93813A8612FF1E3FC78AF9B /* Pods_MarvelAPIListSampleUITests.framework */; };
		DB34960626930EB500442F6B /* CustomNetworkError.swift in Sources */ = {isa = PBXBuildFile; fileRef = DB34960526930EB500442F6B /* CustomNetworkError.swift */; };
		DB34961E269310F100442F6B /* Dictionary+Additions.swift in Sources */ = {isa = PBXBuildFile; fileRef = DB34961D269310F100442F6B /* Dictionary+Additions.swift */; };
		DB34962926931B1D00442F6B /* CharactersListFactorable.swift in Sources */ = {isa = PBXBuildFile; fileRef = DB34962226931B1D00442F6B /* CharactersListFactorable.swift */; };
		DB34962A26931B1D00442F6B /* CharactersListPresenter.swift in Sources */ = {isa = PBXBuildFile; fileRef = DB34962326931B1D00442F6B /* CharactersListPresenter.swift */; };
		DB34962B26931B1D00442F6B /* CharactersListRouter.swift in Sources */ = {isa = PBXBuildFile; fileRef = DB34962426931B1D00442F6B /* CharactersListRouter.swift */; };
		DB34962C26931B1D00442F6B /* CharactersListViewController.swift in Sources */ = {isa = PBXBuildFile; fileRef = DB34962526931B1D00442F6B /* CharactersListViewController.swift */; };
		DB34962D26931B1D00442F6B /* CharactersListInteractor.swift in Sources */ = {isa = PBXBuildFile; fileRef = DB34962626931B1D00442F6B /* CharactersListInteractor.swift */; };
		DB34962E26931B1D00442F6B /* CharactersListView.swift in Sources */ = {isa = PBXBuildFile; fileRef = DB34962726931B1D00442F6B /* CharactersListView.swift */; };
		DB34962F26931B1D00442F6B /* CharactersListModel.swift in Sources */ = {isa = PBXBuildFile; fileRef = DB34962826931B1D00442F6B /* CharactersListModel.swift */; };
		DB34963726931BC600442F6B /* CharacterListTableViewCell.swift in Sources */ = {isa = PBXBuildFile; fileRef = DB34963526931BC600442F6B /* CharacterListTableViewCell.swift */; };
		DB34963826931BC600442F6B /* CharacterListTableViewCell.xib in Resources */ = {isa = PBXBuildFile; fileRef = DB34963626931BC600442F6B /* CharacterListTableViewCell.xib */; };
		DB3496522693203300442F6B /* ErrorModel.swift in Sources */ = {isa = PBXBuildFile; fileRef = DB3496512693203300442F6B /* ErrorModel.swift */; };
		DB349658269320C600442F6B /* LoaderView.swift in Sources */ = {isa = PBXBuildFile; fileRef = DB349657269320C600442F6B /* LoaderView.swift */; };
		DB349660269328A200442F6B /* CharactersListView.xib in Resources */ = {isa = PBXBuildFile; fileRef = DB34965F269328A200442F6B /* CharactersListView.xib */; };
		DB34967326932BDD00442F6B /* R.generated.swift in Sources */ = {isa = PBXBuildFile; fileRef = DB34967226932BDD00442F6B /* R.generated.swift */; };
		DB7D79C8268F120E004E3088 /* AppDelegate.swift in Sources */ = {isa = PBXBuildFile; fileRef = DB7D79C7268F120E004E3088 /* AppDelegate.swift */; };
		DB7D79D1268F1219004E3088 /* Assets.xcassets in Resources */ = {isa = PBXBuildFile; fileRef = DB7D79D0268F1219004E3088 /* Assets.xcassets */; };
		DB7D79D4268F1219004E3088 /* LaunchScreen.storyboard in Resources */ = {isa = PBXBuildFile; fileRef = DB7D79D2268F1219004E3088 /* LaunchScreen.storyboard */; };
		DB7D79DF268F121A004E3088 /* MarvelAPIListSampleTests.swift in Sources */ = {isa = PBXBuildFile; fileRef = DB7D79DE268F121A004E3088 /* MarvelAPIListSampleTests.swift */; };
		DB7D79EA268F121A004E3088 /* MarvelAPIListSampleUITests.swift in Sources */ = {isa = PBXBuildFile; fileRef = DB7D79E9268F121A004E3088 /* MarvelAPIListSampleUITests.swift */; };
		DB7D7A23268F1A28004E3088 /* AppInjector.swift in Sources */ = {isa = PBXBuildFile; fileRef = DB7D7A22268F1A28004E3088 /* AppInjector.swift */; };
		DB7D7A2C268F1ACA004E3088 /* BaseViewController.swift in Sources */ = {isa = PBXBuildFile; fileRef = DB7D7A2B268F1ACA004E3088 /* BaseViewController.swift */; };
		DB7D7A34268F1AD5004E3088 /* BaseView.swift in Sources */ = {isa = PBXBuildFile; fileRef = DB7D7A33268F1AD5004E3088 /* BaseView.swift */; };
		DB7D7A39268F1B57004E3088 /* UIView+Additions.swift in Sources */ = {isa = PBXBuildFile; fileRef = DB7D7A38268F1B57004E3088 /* UIView+Additions.swift */; };
		DB7D7A3E268F1BC9004E3088 /* UIViewController+AlertController.swift in Sources */ = {isa = PBXBuildFile; fileRef = DB7D7A3D268F1BC9004E3088 /* UIViewController+AlertController.swift */; };
		DB7D7A4F269306A2004E3088 /* String+Additions.swift in Sources */ = {isa = PBXBuildFile; fileRef = DB7D7A4E269306A2004E3088 /* String+Additions.swift */; };
		DB7D7A6D2693099E004E3088 /* Datum.swift in Sources */ = {isa = PBXBuildFile; fileRef = DB7D7A642693099E004E3088 /* Datum.swift */; };
		DB7D7A6E2693099E004E3088 /* Result.swift in Sources */ = {isa = PBXBuildFile; fileRef = DB7D7A652693099E004E3088 /* Result.swift */; };
		DB7D7A6F2693099E004E3088 /* CharactersList.swift in Sources */ = {isa = PBXBuildFile; fileRef = DB7D7A662693099E004E3088 /* CharactersList.swift */; };
		DB7D7A702693099E004E3088 /* Story.swift in Sources */ = {isa = PBXBuildFile; fileRef = DB7D7A672693099E004E3088 /* Story.swift */; };
		DB7D7A712693099E004E3088 /* Comic.swift in Sources */ = {isa = PBXBuildFile; fileRef = DB7D7A682693099E004E3088 /* Comic.swift */; };
		DB7D7A722693099E004E3088 /* Url.swift in Sources */ = {isa = PBXBuildFile; fileRef = DB7D7A692693099E004E3088 /* Url.swift */; };
		DB7D7A732693099E004E3088 /* Event.swift in Sources */ = {isa = PBXBuildFile; fileRef = DB7D7A6A2693099E004E3088 /* Event.swift */; };
		DB7D7A742693099E004E3088 /* Thumbnail.swift in Sources */ = {isa = PBXBuildFile; fileRef = DB7D7A6B2693099E004E3088 /* Thumbnail.swift */; };
		DB7D7A752693099E004E3088 /* Series.swift in Sources */ = {isa = PBXBuildFile; fileRef = DB7D7A6C2693099E004E3088 /* Series.swift */; };
		DB7D7A7F26930B75004E3088 /* APIClient.swift in Sources */ = {isa = PBXBuildFile; fileRef = DB7D7A7926930B75004E3088 /* APIClient.swift */; };
		DB7D7A8226930B75004E3088 /* APIConstants.swift in Sources */ = {isa = PBXBuildFile; fileRef = DB7D7A7C26930B75004E3088 /* APIConstants.swift */; };
		DB7D7A8426930B75004E3088 /* APIRouter.swift in Sources */ = {isa = PBXBuildFile; fileRef = DB7D7A7E26930B75004E3088 /* APIRouter.swift */; };
		DB8ACC8626945F8600ACC425 /* CharacterDetailFactorable.swift in Sources */ = {isa = PBXBuildFile; fileRef = DB8ACC7F26945F8600ACC425 /* CharacterDetailFactorable.swift */; };
		DB8ACC8726945F8600ACC425 /* CharacterDetailPresenter.swift in Sources */ = {isa = PBXBuildFile; fileRef = DB8ACC8026945F8600ACC425 /* CharacterDetailPresenter.swift */; };
		DB8ACC8826945F8600ACC425 /* CharacterDetailRouter.swift in Sources */ = {isa = PBXBuildFile; fileRef = DB8ACC8126945F8600ACC425 /* CharacterDetailRouter.swift */; };
		DB8ACC8926945F8600ACC425 /* CharacterDetailViewController.swift in Sources */ = {isa = PBXBuildFile; fileRef = DB8ACC8226945F8600ACC425 /* CharacterDetailViewController.swift */; };
		DB8ACC8A26945F8600ACC425 /* CharacterDetailInteractor.swift in Sources */ = {isa = PBXBuildFile; fileRef = DB8ACC8326945F8600ACC425 /* CharacterDetailInteractor.swift */; };
		DB8ACC8B26945F8600ACC425 /* CharacterDetailView.swift in Sources */ = {isa = PBXBuildFile; fileRef = DB8ACC8426945F8600ACC425 /* CharacterDetailView.swift */; };
		DB8ACC8C26945F8600ACC425 /* CharacterDetailModel.swift in Sources */ = {isa = PBXBuildFile; fileRef = DB8ACC8526945F8600ACC425 /* CharacterDetailModel.swift */; };
		DB8ACC9526946A7E00ACC425 /* ItemStory.swift in Sources */ = {isa = PBXBuildFile; fileRef = DB8ACC9426946A7E00ACC425 /* ItemStory.swift */; };
		DB8ACC9A26946AF800ACC425 /* ItemSeries.swift in Sources */ = {isa = PBXBuildFile; fileRef = DB8ACC9926946AF800ACC425 /* ItemSeries.swift */; };
		DB8ACC9F26946B7400ACC425 /* ItemEvent.swift in Sources */ = {isa = PBXBuildFile; fileRef = DB8ACC9E26946B7400ACC425 /* ItemEvent.swift */; };
		DB8ACCA426946BEB00ACC425 /* ItemComic.swift in Sources */ = {isa = PBXBuildFile; fileRef = DB8ACCA326946BEB00ACC425 /* ItemComic.swift */; };
		DB8ACCA926946ECD00ACC425 /* CharacterDetailView.xib in Resources */ = {isa = PBXBuildFile; fileRef = DB8ACCA826946ECD00ACC425 /* CharacterDetailView.xib */; };
		DB8ACCB02694725200ACC425 /* CharacterDetailTableViewCell.swift in Sources */ = {isa = PBXBuildFile; fileRef = DB8ACCAE2694725200ACC425 /* CharacterDetailTableViewCell.swift */; };
		DB8ACCB12694725200ACC425 /* CharacterDetailTableViewCell.xib in Resources */ = {isa = PBXBuildFile; fileRef = DB8ACCAF2694725200ACC425 /* CharacterDetailTableViewCell.xib */; };
		DBC0D4D626930D3800853CE8 /* EnviromentService.swift in Sources */ = {isa = PBXBuildFile; fileRef = DBC0D4D526930D3800853CE8 /* EnviromentService.swift */; };
		EE9CF198366CC4B04FA648FE /* Pods_MarvelAPIListSampleTests.framework in Frameworks */ = {isa = PBXBuildFile; fileRef = 6C3A859DCECD63696A763120 /* Pods_MarvelAPIListSampleTests.framework */; };
/* End PBXBuildFile section */

/* Begin PBXContainerItemProxy section */
		DB7D79DB268F1219004E3088 /* PBXContainerItemProxy */ = {
			isa = PBXContainerItemProxy;
			containerPortal = DB7D79BC268F120E004E3088 /* Project object */;
			proxyType = 1;
			remoteGlobalIDString = DB7D79C3268F120E004E3088;
			remoteInfo = MarvelAPIListSample;
		};
		DB7D79E6268F121A004E3088 /* PBXContainerItemProxy */ = {
			isa = PBXContainerItemProxy;
			containerPortal = DB7D79BC268F120E004E3088 /* Project object */;
			proxyType = 1;
			remoteGlobalIDString = DB7D79C3268F120E004E3088;
			remoteInfo = MarvelAPIListSample;
		};
/* End PBXContainerItemProxy section */

/* Begin PBXFileReference section */
		001688C3DA4C79B4E9702075 /* Pods-MarvelAPIListSample-MarvelAPIListSampleUITests.release.xcconfig */ = {isa = PBXFileReference; includeInIndex = 1; lastKnownFileType = text.xcconfig; name = "Pods-MarvelAPIListSample-MarvelAPIListSampleUITests.release.xcconfig"; path = "Target Support Files/Pods-MarvelAPIListSample-MarvelAPIListSampleUITests/Pods-MarvelAPIListSample-MarvelAPIListSampleUITests.release.xcconfig"; sourceTree = "<group>"; };
		13B737A275E27088FC492278 /* Pods-MarvelAPIListSample.debug.xcconfig */ = {isa = PBXFileReference; includeInIndex = 1; lastKnownFileType = text.xcconfig; name = "Pods-MarvelAPIListSample.debug.xcconfig"; path = "Target Support Files/Pods-MarvelAPIListSample/Pods-MarvelAPIListSample.debug.xcconfig"; sourceTree = "<group>"; };
		2F982EF37C670EB91A29C723 /* Pods-MarvelAPIListSampleTests.release.xcconfig */ = {isa = PBXFileReference; includeInIndex = 1; lastKnownFileType = text.xcconfig; name = "Pods-MarvelAPIListSampleTests.release.xcconfig"; path = "Target Support Files/Pods-MarvelAPIListSampleTests/Pods-MarvelAPIListSampleTests.release.xcconfig"; sourceTree = "<group>"; };
		3EFE25E51231248C8C31F092 /* Pods-MarvelAPIListSample-MarvelAPIListSampleUITests.debug.xcconfig */ = {isa = PBXFileReference; includeInIndex = 1; lastKnownFileType = text.xcconfig; name = "Pods-MarvelAPIListSample-MarvelAPIListSampleUITests.debug.xcconfig"; path = "Target Support Files/Pods-MarvelAPIListSample-MarvelAPIListSampleUITests/Pods-MarvelAPIListSample-MarvelAPIListSampleUITests.debug.xcconfig"; sourceTree = "<group>"; };
		560A4281734B7A62E335C5F0 /* Pods-MarvelAPIListSample.release.xcconfig */ = {isa = PBXFileReference; includeInIndex = 1; lastKnownFileType = text.xcconfig; name = "Pods-MarvelAPIListSample.release.xcconfig"; path = "Target Support Files/Pods-MarvelAPIListSample/Pods-MarvelAPIListSample.release.xcconfig"; sourceTree = "<group>"; };
		6C3A859DCECD63696A763120 /* Pods_MarvelAPIListSampleTests.framework */ = {isa = PBXFileReference; explicitFileType = wrapper.framework; includeInIndex = 0; path = Pods_MarvelAPIListSampleTests.framework; sourceTree = BUILT_PRODUCTS_DIR; };
		898336A9A3F3A91718A6736E /* Pods-MarvelAPIListSampleTests.debug.xcconfig */ = {isa = PBXFileReference; includeInIndex = 1; lastKnownFileType = text.xcconfig; name = "Pods-MarvelAPIListSampleTests.debug.xcconfig"; path = "Target Support Files/Pods-MarvelAPIListSampleTests/Pods-MarvelAPIListSampleTests.debug.xcconfig"; sourceTree = "<group>"; };
		909A5B379E374782D7242860 /* Pods_MarvelAPIListSample.framework */ = {isa = PBXFileReference; explicitFileType = wrapper.framework; includeInIndex = 0; path = Pods_MarvelAPIListSample.framework; sourceTree = BUILT_PRODUCTS_DIR; };
		C9B17AE28BF8930D7C2639C8 /* Pods-MarvelAPIListSampleUITests.release.xcconfig */ = {isa = PBXFileReference; includeInIndex = 1; lastKnownFileType = text.xcconfig; name = "Pods-MarvelAPIListSampleUITests.release.xcconfig"; path = "Target Support Files/Pods-MarvelAPIListSampleUITests/Pods-MarvelAPIListSampleUITests.release.xcconfig"; sourceTree = "<group>"; };
		DB34960526930EB500442F6B /* CustomNetworkError.swift */ = {isa = PBXFileReference; lastKnownFileType = sourcecode.swift; path = CustomNetworkError.swift; sourceTree = "<group>"; };
		DB34961D269310F100442F6B /* Dictionary+Additions.swift */ = {isa = PBXFileReference; lastKnownFileType = sourcecode.swift; path = "Dictionary+Additions.swift"; sourceTree = "<group>"; };
		DB34962226931B1D00442F6B /* CharactersListFactorable.swift */ = {isa = PBXFileReference; lastKnownFileType = sourcecode.swift; path = CharactersListFactorable.swift; sourceTree = "<group>"; };
		DB34962326931B1D00442F6B /* CharactersListPresenter.swift */ = {isa = PBXFileReference; lastKnownFileType = sourcecode.swift; path = CharactersListPresenter.swift; sourceTree = "<group>"; };
		DB34962426931B1D00442F6B /* CharactersListRouter.swift */ = {isa = PBXFileReference; lastKnownFileType = sourcecode.swift; path = CharactersListRouter.swift; sourceTree = "<group>"; };
		DB34962526931B1D00442F6B /* CharactersListViewController.swift */ = {isa = PBXFileReference; lastKnownFileType = sourcecode.swift; path = CharactersListViewController.swift; sourceTree = "<group>"; };
		DB34962626931B1D00442F6B /* CharactersListInteractor.swift */ = {isa = PBXFileReference; lastKnownFileType = sourcecode.swift; path = CharactersListInteractor.swift; sourceTree = "<group>"; };
		DB34962726931B1D00442F6B /* CharactersListView.swift */ = {isa = PBXFileReference; lastKnownFileType = sourcecode.swift; path = CharactersListView.swift; sourceTree = "<group>"; };
		DB34962826931B1D00442F6B /* CharactersListModel.swift */ = {isa = PBXFileReference; lastKnownFileType = sourcecode.swift; path = CharactersListModel.swift; sourceTree = "<group>"; };
		DB34963526931BC600442F6B /* CharacterListTableViewCell.swift */ = {isa = PBXFileReference; lastKnownFileType = sourcecode.swift; path = CharacterListTableViewCell.swift; sourceTree = "<group>"; };
		DB34963626931BC600442F6B /* CharacterListTableViewCell.xib */ = {isa = PBXFileReference; lastKnownFileType = file.xib; path = CharacterListTableViewCell.xib; sourceTree = "<group>"; };
		DB3496512693203300442F6B /* ErrorModel.swift */ = {isa = PBXFileReference; lastKnownFileType = sourcecode.swift; path = ErrorModel.swift; sourceTree = "<group>"; };
		DB349657269320C600442F6B /* LoaderView.swift */ = {isa = PBXFileReference; lastKnownFileType = sourcecode.swift; path = LoaderView.swift; sourceTree = "<group>"; };
		DB34965F269328A200442F6B /* CharactersListView.xib */ = {isa = PBXFileReference; lastKnownFileType = file.xib; path = CharactersListView.xib; sourceTree = "<group>"; };
		DB34967226932BDD00442F6B /* R.generated.swift */ = {isa = PBXFileReference; fileEncoding = 4; lastKnownFileType = sourcecode.swift; path = R.generated.swift; sourceTree = "<group>"; };
		DB7D79C4268F120E004E3088 /* MarvelAPIListSample.app */ = {isa = PBXFileReference; explicitFileType = wrapper.application; includeInIndex = 0; path = MarvelAPIListSample.app; sourceTree = BUILT_PRODUCTS_DIR; };
		DB7D79C7268F120E004E3088 /* AppDelegate.swift */ = {isa = PBXFileReference; lastKnownFileType = sourcecode.swift; path = AppDelegate.swift; sourceTree = "<group>"; };
		DB7D79D0268F1219004E3088 /* Assets.xcassets */ = {isa = PBXFileReference; lastKnownFileType = folder.assetcatalog; path = Assets.xcassets; sourceTree = "<group>"; };
		DB7D79D3268F1219004E3088 /* Base */ = {isa = PBXFileReference; lastKnownFileType = file.storyboard; name = Base; path = Base.lproj/LaunchScreen.storyboard; sourceTree = "<group>"; };
		DB7D79D5268F1219004E3088 /* Info.plist */ = {isa = PBXFileReference; lastKnownFileType = text.plist.xml; path = Info.plist; sourceTree = "<group>"; };
		DB7D79DA268F1219004E3088 /* MarvelAPIListSampleTests.xctest */ = {isa = PBXFileReference; explicitFileType = wrapper.cfbundle; includeInIndex = 0; path = MarvelAPIListSampleTests.xctest; sourceTree = BUILT_PRODUCTS_DIR; };
		DB7D79DE268F121A004E3088 /* MarvelAPIListSampleTests.swift */ = {isa = PBXFileReference; lastKnownFileType = sourcecode.swift; path = MarvelAPIListSampleTests.swift; sourceTree = "<group>"; };
		DB7D79E0268F121A004E3088 /* Info.plist */ = {isa = PBXFileReference; lastKnownFileType = text.plist.xml; path = Info.plist; sourceTree = "<group>"; };
		DB7D79E5268F121A004E3088 /* MarvelAPIListSampleUITests.xctest */ = {isa = PBXFileReference; explicitFileType = wrapper.cfbundle; includeInIndex = 0; path = MarvelAPIListSampleUITests.xctest; sourceTree = BUILT_PRODUCTS_DIR; };
		DB7D79E9268F121A004E3088 /* MarvelAPIListSampleUITests.swift */ = {isa = PBXFileReference; lastKnownFileType = sourcecode.swift; path = MarvelAPIListSampleUITests.swift; sourceTree = "<group>"; };
		DB7D79EB268F121A004E3088 /* Info.plist */ = {isa = PBXFileReference; lastKnownFileType = text.plist.xml; path = Info.plist; sourceTree = "<group>"; };
		DB7D7A22268F1A28004E3088 /* AppInjector.swift */ = {isa = PBXFileReference; lastKnownFileType = sourcecode.swift; path = AppInjector.swift; sourceTree = "<group>"; };
		DB7D7A2B268F1ACA004E3088 /* BaseViewController.swift */ = {isa = PBXFileReference; lastKnownFileType = sourcecode.swift; path = BaseViewController.swift; sourceTree = "<group>"; };
		DB7D7A33268F1AD5004E3088 /* BaseView.swift */ = {isa = PBXFileReference; lastKnownFileType = sourcecode.swift; path = BaseView.swift; sourceTree = "<group>"; };
		DB7D7A38268F1B57004E3088 /* UIView+Additions.swift */ = {isa = PBXFileReference; lastKnownFileType = sourcecode.swift; path = "UIView+Additions.swift"; sourceTree = "<group>"; };
		DB7D7A3D268F1BC9004E3088 /* UIViewController+AlertController.swift */ = {isa = PBXFileReference; lastKnownFileType = sourcecode.swift; path = "UIViewController+AlertController.swift"; sourceTree = "<group>"; };
		DB7D7A4E269306A2004E3088 /* String+Additions.swift */ = {isa = PBXFileReference; lastKnownFileType = sourcecode.swift; path = "String+Additions.swift"; sourceTree = "<group>"; };
		DB7D7A5726930731004E3088 /* Debug.xcconfig */ = {isa = PBXFileReference; lastKnownFileType = text.xcconfig; path = Debug.xcconfig; sourceTree = "<group>"; };
		DB7D7A5826930740004E3088 /* Release.xcconfig */ = {isa = PBXFileReference; lastKnownFileType = text.xcconfig; path = Release.xcconfig; sourceTree = "<group>"; };
		DB7D7A642693099E004E3088 /* Datum.swift */ = {isa = PBXFileReference; fileEncoding = 4; lastKnownFileType = sourcecode.swift; path = Datum.swift; sourceTree = "<group>"; };
		DB7D7A652693099E004E3088 /* Result.swift */ = {isa = PBXFileReference; fileEncoding = 4; lastKnownFileType = sourcecode.swift; path = Result.swift; sourceTree = "<group>"; };
		DB7D7A662693099E004E3088 /* CharactersList.swift */ = {isa = PBXFileReference; fileEncoding = 4; lastKnownFileType = sourcecode.swift; path = CharactersList.swift; sourceTree = "<group>"; };
		DB7D7A672693099E004E3088 /* Story.swift */ = {isa = PBXFileReference; fileEncoding = 4; lastKnownFileType = sourcecode.swift; path = Story.swift; sourceTree = "<group>"; };
		DB7D7A682693099E004E3088 /* Comic.swift */ = {isa = PBXFileReference; fileEncoding = 4; lastKnownFileType = sourcecode.swift; path = Comic.swift; sourceTree = "<group>"; };
		DB7D7A692693099E004E3088 /* Url.swift */ = {isa = PBXFileReference; fileEncoding = 4; lastKnownFileType = sourcecode.swift; path = Url.swift; sourceTree = "<group>"; };
		DB7D7A6A2693099E004E3088 /* Event.swift */ = {isa = PBXFileReference; fileEncoding = 4; lastKnownFileType = sourcecode.swift; path = Event.swift; sourceTree = "<group>"; };
		DB7D7A6B2693099E004E3088 /* Thumbnail.swift */ = {isa = PBXFileReference; fileEncoding = 4; lastKnownFileType = sourcecode.swift; path = Thumbnail.swift; sourceTree = "<group>"; };
		DB7D7A6C2693099E004E3088 /* Series.swift */ = {isa = PBXFileReference; fileEncoding = 4; lastKnownFileType = sourcecode.swift; path = Series.swift; sourceTree = "<group>"; };
		DB7D7A7926930B75004E3088 /* APIClient.swift */ = {isa = PBXFileReference; fileEncoding = 4; lastKnownFileType = sourcecode.swift; path = APIClient.swift; sourceTree = "<group>"; };
		DB7D7A7C26930B75004E3088 /* APIConstants.swift */ = {isa = PBXFileReference; fileEncoding = 4; lastKnownFileType = sourcecode.swift; path = APIConstants.swift; sourceTree = "<group>"; };
		DB7D7A7E26930B75004E3088 /* APIRouter.swift */ = {isa = PBXFileReference; fileEncoding = 4; lastKnownFileType = sourcecode.swift; path = APIRouter.swift; sourceTree = "<group>"; };
		DB8ACC7F26945F8600ACC425 /* CharacterDetailFactorable.swift */ = {isa = PBXFileReference; lastKnownFileType = sourcecode.swift; path = CharacterDetailFactorable.swift; sourceTree = "<group>"; };
		DB8ACC8026945F8600ACC425 /* CharacterDetailPresenter.swift */ = {isa = PBXFileReference; lastKnownFileType = sourcecode.swift; path = CharacterDetailPresenter.swift; sourceTree = "<group>"; };
		DB8ACC8126945F8600ACC425 /* CharacterDetailRouter.swift */ = {isa = PBXFileReference; lastKnownFileType = sourcecode.swift; path = CharacterDetailRouter.swift; sourceTree = "<group>"; };
		DB8ACC8226945F8600ACC425 /* CharacterDetailViewController.swift */ = {isa = PBXFileReference; lastKnownFileType = sourcecode.swift; path = CharacterDetailViewController.swift; sourceTree = "<group>"; };
		DB8ACC8326945F8600ACC425 /* CharacterDetailInteractor.swift */ = {isa = PBXFileReference; lastKnownFileType = sourcecode.swift; path = CharacterDetailInteractor.swift; sourceTree = "<group>"; };
		DB8ACC8426945F8600ACC425 /* CharacterDetailView.swift */ = {isa = PBXFileReference; lastKnownFileType = sourcecode.swift; path = CharacterDetailView.swift; sourceTree = "<group>"; };
		DB8ACC8526945F8600ACC425 /* CharacterDetailModel.swift */ = {isa = PBXFileReference; lastKnownFileType = sourcecode.swift; path = CharacterDetailModel.swift; sourceTree = "<group>"; };
		DB8ACC9426946A7E00ACC425 /* ItemStory.swift */ = {isa = PBXFileReference; lastKnownFileType = sourcecode.swift; path = ItemStory.swift; sourceTree = "<group>"; };
		DB8ACC9926946AF800ACC425 /* ItemSeries.swift */ = {isa = PBXFileReference; lastKnownFileType = sourcecode.swift; path = ItemSeries.swift; sourceTree = "<group>"; };
		DB8ACC9E26946B7400ACC425 /* ItemEvent.swift */ = {isa = PBXFileReference; lastKnownFileType = sourcecode.swift; path = ItemEvent.swift; sourceTree = "<group>"; };
		DB8ACCA326946BEB00ACC425 /* ItemComic.swift */ = {isa = PBXFileReference; lastKnownFileType = sourcecode.swift; path = ItemComic.swift; sourceTree = "<group>"; };
		DB8ACCA826946ECD00ACC425 /* CharacterDetailView.xib */ = {isa = PBXFileReference; lastKnownFileType = file.xib; path = CharacterDetailView.xib; sourceTree = "<group>"; };
		DB8ACCAE2694725200ACC425 /* CharacterDetailTableViewCell.swift */ = {isa = PBXFileReference; lastKnownFileType = sourcecode.swift; path = CharacterDetailTableViewCell.swift; sourceTree = "<group>"; };
		DB8ACCAF2694725200ACC425 /* CharacterDetailTableViewCell.xib */ = {isa = PBXFileReference; lastKnownFileType = file.xib; path = CharacterDetailTableViewCell.xib; sourceTree = "<group>"; };
		DBC0D4D526930D3800853CE8 /* EnviromentService.swift */ = {isa = PBXFileReference; lastKnownFileType = sourcecode.swift; path = EnviromentService.swift; sourceTree = "<group>"; };
		EBE568F9C934A2C8F5B2C819 /* Pods-MarvelAPIListSampleUITests.debug.xcconfig */ = {isa = PBXFileReference; includeInIndex = 1; lastKnownFileType = text.xcconfig; name = "Pods-MarvelAPIListSampleUITests.debug.xcconfig"; path = "Target Support Files/Pods-MarvelAPIListSampleUITests/Pods-MarvelAPIListSampleUITests.debug.xcconfig"; sourceTree = "<group>"; };
		F93813A8612FF1E3FC78AF9B /* Pods_MarvelAPIListSampleUITests.framework */ = {isa = PBXFileReference; explicitFileType = wrapper.framework; includeInIndex = 0; path = Pods_MarvelAPIListSampleUITests.framework; sourceTree = BUILT_PRODUCTS_DIR; };
/* End PBXFileReference section */

/* Begin PBXFrameworksBuildPhase section */
		DB7D79C1268F120E004E3088 /* Frameworks */ = {
			isa = PBXFrameworksBuildPhase;
			buildActionMask = 2147483647;
			files = (
				45606B4164FF31B67B4FE119 /* Pods_MarvelAPIListSample.framework in Frameworks */,
			);
			runOnlyForDeploymentPostprocessing = 0;
		};
		DB7D79D7268F1219004E3088 /* Frameworks */ = {
			isa = PBXFrameworksBuildPhase;
			buildActionMask = 2147483647;
			files = (
				EE9CF198366CC4B04FA648FE /* Pods_MarvelAPIListSampleTests.framework in Frameworks */,
			);
			runOnlyForDeploymentPostprocessing = 0;
		};
		DB7D79E2268F121A004E3088 /* Frameworks */ = {
			isa = PBXFrameworksBuildPhase;
			buildActionMask = 2147483647;
			files = (
				C391D4DF764499F884B99B39 /* Pods_MarvelAPIListSampleUITests.framework in Frameworks */,
			);
			runOnlyForDeploymentPostprocessing = 0;
		};
/* End PBXFrameworksBuildPhase section */

/* Begin PBXGroup section */
		047AEE200BA6160FC333536D /* Frameworks */ = {
			isa = PBXGroup;
			children = (
				909A5B379E374782D7242860 /* Pods_MarvelAPIListSample.framework */,
				6C3A859DCECD63696A763120 /* Pods_MarvelAPIListSampleTests.framework */,
				F93813A8612FF1E3FC78AF9B /* Pods_MarvelAPIListSampleUITests.framework */,
			);
			name = Frameworks;
			sourceTree = "<group>";
		};
		9271F7D14527AA96320D916E /* Pods */ = {
			isa = PBXGroup;
			children = (
				13B737A275E27088FC492278 /* Pods-MarvelAPIListSample.debug.xcconfig */,
				560A4281734B7A62E335C5F0 /* Pods-MarvelAPIListSample.release.xcconfig */,
				3EFE25E51231248C8C31F092 /* Pods-MarvelAPIListSample-MarvelAPIListSampleUITests.debug.xcconfig */,
				001688C3DA4C79B4E9702075 /* Pods-MarvelAPIListSample-MarvelAPIListSampleUITests.release.xcconfig */,
				898336A9A3F3A91718A6736E /* Pods-MarvelAPIListSampleTests.debug.xcconfig */,
				2F982EF37C670EB91A29C723 /* Pods-MarvelAPIListSampleTests.release.xcconfig */,
				EBE568F9C934A2C8F5B2C819 /* Pods-MarvelAPIListSampleUITests.debug.xcconfig */,
				C9B17AE28BF8930D7C2639C8 /* Pods-MarvelAPIListSampleUITests.release.xcconfig */,
			);
			path = Pods;
			sourceTree = "<group>";
		};
		DB34963326931B3400442F6B /* Views */ = {
			isa = PBXGroup;
			children = (
				DB34963426931BA400442F6B /* Cells */,
				DB34962726931B1D00442F6B /* CharactersListView.swift */,
				DB34965F269328A200442F6B /* CharactersListView.xib */,
			);
			path = Views;
			sourceTree = "<group>";
		};
		DB34963426931BA400442F6B /* Cells */ = {
			isa = PBXGroup;
			children = (
				DB34963526931BC600442F6B /* CharacterListTableViewCell.swift */,
				DB34963626931BC600442F6B /* CharacterListTableViewCell.xib */,
			);
			path = Cells;
			sourceTree = "<group>";
		};
		DB3496502693202300442F6B /* Error */ = {
			isa = PBXGroup;
			children = (
				DB3496512693203300442F6B /* ErrorModel.swift */,
			);
			path = Error;
			sourceTree = "<group>";
		};
		DB349656269320B900442F6B /* LoaderView */ = {
			isa = PBXGroup;
			children = (
				DB349657269320C600442F6B /* LoaderView.swift */,
			);
			path = LoaderView;
			sourceTree = "<group>";
		};
		DB7D79BB268F120E004E3088 = {
			isa = PBXGroup;
			children = (
				DB7D79C6268F120E004E3088 /* MarvelAPIListSample */,
				DB7D79DD268F1219004E3088 /* MarvelAPIListSampleTests */,
				DB7D79E8268F121A004E3088 /* MarvelAPIListSampleUITests */,
				DB7D79C5268F120E004E3088 /* Products */,
				9271F7D14527AA96320D916E /* Pods */,
				047AEE200BA6160FC333536D /* Frameworks */,
			);
			sourceTree = "<group>";
		};
		DB7D79C5268F120E004E3088 /* Products */ = {
			isa = PBXGroup;
			children = (
				DB7D79C4268F120E004E3088 /* MarvelAPIListSample.app */,
				DB7D79DA268F1219004E3088 /* MarvelAPIListSampleTests.xctest */,
				DB7D79E5268F121A004E3088 /* MarvelAPIListSampleUITests.xctest */,
			);
			name = Products;
			sourceTree = "<group>";
		};
		DB7D79C6268F120E004E3088 /* MarvelAPIListSample */ = {
			isa = PBXGroup;
			children = (
				DB7D7A1F268F19B8004E3088 /* Common */,
				DB7D7A1E268F19A6004E3088 /* Infraestructure */,
				DB7D7A42268F1BF3004E3088 /* Scenes */,
				DB7D79D2268F1219004E3088 /* LaunchScreen.storyboard */,
			);
			path = MarvelAPIListSample;
			sourceTree = "<group>";
		};
		DB7D79DD268F1219004E3088 /* MarvelAPIListSampleTests */ = {
			isa = PBXGroup;
			children = (
				DB7D79DE268F121A004E3088 /* MarvelAPIListSampleTests.swift */,
				DB7D79E0268F121A004E3088 /* Info.plist */,
			);
			path = MarvelAPIListSampleTests;
			sourceTree = "<group>";
		};
		DB7D79E8268F121A004E3088 /* MarvelAPIListSampleUITests */ = {
			isa = PBXGroup;
			children = (
				DB7D79E9268F121A004E3088 /* MarvelAPIListSampleUITests.swift */,
				DB7D79EB268F121A004E3088 /* Info.plist */,
			);
			path = MarvelAPIListSampleUITests;
			sourceTree = "<group>";
		};
		DB7D7A1E268F19A6004E3088 /* Infraestructure */ = {
			isa = PBXGroup;
			children = (
				DB7D79C7268F120E004E3088 /* AppDelegate.swift */,
				DB7D79D5268F1219004E3088 /* Info.plist */,
				DB7D7A21268F19EC004E3088 /* Resources */,
				DB7D7A20268F19D7004E3088 /* ArchitectureSupport */,
			);
			path = Infraestructure;
			sourceTree = "<group>";
		};
		DB7D7A1F268F19B8004E3088 /* Common */ = {
			isa = PBXGroup;
			children = (
				DB349656269320B900442F6B /* LoaderView */,
				DB3496502693202300442F6B /* Error */,
				DB7D7A5626930711004E3088 /* Enviroment */,
				DB7D7A2A268F1AB4004E3088 /* Extensions */,
				DB7D7A29268F1A6F004E3088 /* AlertController */,
				DB7D7A28268F1A54004E3088 /* Services */,
				DB7D7A27268F1A4E004E3088 /* Base */,
			);
			path = Common;
			sourceTree = "<group>";
		};
		DB7D7A20268F19D7004E3088 /* ArchitectureSupport */ = {
			isa = PBXGroup;
			children = (
				DB7D7A22268F1A28004E3088 /* AppInjector.swift */,
			);
			path = ArchitectureSupport;
			sourceTree = "<group>";
		};
		DB7D7A21268F19EC004E3088 /* Resources */ = {
			isa = PBXGroup;
			children = (
				DB34967226932BDD00442F6B /* R.generated.swift */,
				DB7D79D0268F1219004E3088 /* Assets.xcassets */,
			);
			path = Resources;
			sourceTree = "<group>";
		};
		DB7D7A27268F1A4E004E3088 /* Base */ = {
			isa = PBXGroup;
			children = (
				DB7D7A2B268F1ACA004E3088 /* BaseViewController.swift */,
				DB7D7A33268F1AD5004E3088 /* BaseView.swift */,
			);
			path = Base;
			sourceTree = "<group>";
		};
		DB7D7A28268F1A54004E3088 /* Services */ = {
			isa = PBXGroup;
			children = (
				DB7D7A43268F1C0E004E3088 /* Network */,
			);
			path = Services;
			sourceTree = "<group>";
		};
		DB7D7A29268F1A6F004E3088 /* AlertController */ = {
			isa = PBXGroup;
			children = (
				DB7D7A3D268F1BC9004E3088 /* UIViewController+AlertController.swift */,
			);
			path = AlertController;
			sourceTree = "<group>";
		};
		DB7D7A2A268F1AB4004E3088 /* Extensions */ = {
			isa = PBXGroup;
			children = (
				DB7D7A38268F1B57004E3088 /* UIView+Additions.swift */,
				DB7D7A4E269306A2004E3088 /* String+Additions.swift */,
				DB34961D269310F100442F6B /* Dictionary+Additions.swift */,
			);
			path = Extensions;
			sourceTree = "<group>";
		};
		DB7D7A42268F1BF3004E3088 /* Scenes */ = {
			isa = PBXGroup;
			children = (
				DB8ACC7E26945E8100ACC425 /* CharacterDetail */,
				DB8ACC7D26945E7200ACC425 /* CharactersList */,
			);
			path = Scenes;
			sourceTree = "<group>";
		};
		DB7D7A43268F1C0E004E3088 /* Network */ = {
			isa = PBXGroup;
			children = (
				DB7D7A4B2693005F004E3088 /* Models */,
				DB7D7A4A26930041004E3088 /* APIClient */,
				DB34960526930EB500442F6B /* CustomNetworkError.swift */,
				DBC0D4D526930D3800853CE8 /* EnviromentService.swift */,
			);
			path = Network;
			sourceTree = "<group>";
		};
		DB7D7A4A26930041004E3088 /* APIClient */ = {
			isa = PBXGroup;
			children = (
				DB7D7A7926930B75004E3088 /* APIClient.swift */,
				DB7D7A7C26930B75004E3088 /* APIConstants.swift */,
				DB7D7A7E26930B75004E3088 /* APIRouter.swift */,
			);
			path = APIClient;
			sourceTree = "<group>";
		};
		DB7D7A4B2693005F004E3088 /* Models */ = {
			isa = PBXGroup;
			children = (
				DB7D7A662693099E004E3088 /* CharactersList.swift */,
				DB7D7A682693099E004E3088 /* Comic.swift */,
				DB7D7A642693099E004E3088 /* Datum.swift */,
				DB7D7A6A2693099E004E3088 /* Event.swift */,
				DB7D7A652693099E004E3088 /* Result.swift */,
				DB7D7A6C2693099E004E3088 /* Series.swift */,
				DB7D7A672693099E004E3088 /* Story.swift */,
				DB7D7A6B2693099E004E3088 /* Thumbnail.swift */,
				DB7D7A692693099E004E3088 /* Url.swift */,
				DB8ACC9426946A7E00ACC425 /* ItemStory.swift */,
				DB8ACC9926946AF800ACC425 /* ItemSeries.swift */,
				DB8ACC9E26946B7400ACC425 /* ItemEvent.swift */,
				DB8ACCA326946BEB00ACC425 /* ItemComic.swift */,
			);
			path = Models;
			sourceTree = "<group>";
		};
		DB7D7A5626930711004E3088 /* Enviroment */ = {
			isa = PBXGroup;
			children = (
				DB7D7A5726930731004E3088 /* Debug.xcconfig */,
				DB7D7A5826930740004E3088 /* Release.xcconfig */,
			);
			path = Enviroment;
			sourceTree = "<group>";
		};
		DB8ACC7D26945E7200ACC425 /* CharactersList */ = {
			isa = PBXGroup;
			children = (
				DB34963326931B3400442F6B /* Views */,
				DB34962226931B1D00442F6B /* CharactersListFactorable.swift */,
				DB34962326931B1D00442F6B /* CharactersListPresenter.swift */,
				DB34962426931B1D00442F6B /* CharactersListRouter.swift */,
				DB34962526931B1D00442F6B /* CharactersListViewController.swift */,
				DB34962626931B1D00442F6B /* CharactersListInteractor.swift */,
				DB34962826931B1D00442F6B /* CharactersListModel.swift */,
			);
			path = CharactersList;
			sourceTree = "<group>";
		};
		DB8ACC7E26945E8100ACC425 /* CharacterDetail */ = {
			isa = PBXGroup;
			children = (
				DB8ACC9026945F8B00ACC425 /* Views */,
				DB8ACC7F26945F8600ACC425 /* CharacterDetailFactorable.swift */,
				DB8ACC8026945F8600ACC425 /* CharacterDetailPresenter.swift */,
				DB8ACC8126945F8600ACC425 /* CharacterDetailRouter.swift */,
				DB8ACC8226945F8600ACC425 /* CharacterDetailViewController.swift */,
				DB8ACC8326945F8600ACC425 /* CharacterDetailInteractor.swift */,
				DB8ACC8526945F8600ACC425 /* CharacterDetailModel.swift */,
			);
			path = CharacterDetail;
			sourceTree = "<group>";
		};
		DB8ACC9026945F8B00ACC425 /* Views */ = {
			isa = PBXGroup;
			children = (
				DB8ACCAD2694722600ACC425 /* Cells */,
				DB8ACC8426945F8600ACC425 /* CharacterDetailView.swift */,
				DB8ACCA826946ECD00ACC425 /* CharacterDetailView.xib */,
			);
			path = Views;
			sourceTree = "<group>";
		};
		DB8ACCAD2694722600ACC425 /* Cells */ = {
			isa = PBXGroup;
			children = (
				DB8ACCAE2694725200ACC425 /* CharacterDetailTableViewCell.swift */,
				DB8ACCAF2694725200ACC425 /* CharacterDetailTableViewCell.xib */,
			);
			path = Cells;
			sourceTree = "<group>";
		};
/* End PBXGroup section */

/* Begin PBXNativeTarget section */
		DB7D79C3268F120E004E3088 /* MarvelAPIListSample */ = {
			isa = PBXNativeTarget;
			buildConfigurationList = DB7D79EE268F121A004E3088 /* Build configuration list for PBXNativeTarget "MarvelAPIListSample" */;
			buildPhases = (
				F1D0E1001E12CAF4BB9B6A7B /* [CP] Check Pods Manifest.lock */,
				DB34964926931D4D00442F6B /* R.swift */,
				DB7D79C0268F120E004E3088 /* Sources */,
				DB7D79C1268F120E004E3088 /* Frameworks */,
				DB7D79C2268F120E004E3088 /* Resources */,
				E2ED0D14EBC8560CB97F74E7 /* [CP] Embed Pods Frameworks */,
			);
			buildRules = (
			);
			dependencies = (
			);
			name = MarvelAPIListSample;
			productName = MarvelAPIListSample;
			productReference = DB7D79C4268F120E004E3088 /* MarvelAPIListSample.app */;
			productType = "com.apple.product-type.application";
		};
		DB7D79D9268F1219004E3088 /* MarvelAPIListSampleTests */ = {
			isa = PBXNativeTarget;
			buildConfigurationList = DB7D79F1268F121A004E3088 /* Build configuration list for PBXNativeTarget "MarvelAPIListSampleTests" */;
			buildPhases = (
				3ABD4BBB6C945D6DD9E9CFF3 /* [CP] Check Pods Manifest.lock */,
				DB7D79D6268F1219004E3088 /* Sources */,
				DB7D79D7268F1219004E3088 /* Frameworks */,
				DB7D79D8268F1219004E3088 /* Resources */,
			);
			buildRules = (
			);
			dependencies = (
				DB7D79DC268F1219004E3088 /* PBXTargetDependency */,
			);
			name = MarvelAPIListSampleTests;
			productName = MarvelAPIListSampleTests;
			productReference = DB7D79DA268F1219004E3088 /* MarvelAPIListSampleTests.xctest */;
			productType = "com.apple.product-type.bundle.unit-test";
		};
		DB7D79E4268F121A004E3088 /* MarvelAPIListSampleUITests */ = {
			isa = PBXNativeTarget;
			buildConfigurationList = DB7D79F4268F121A004E3088 /* Build configuration list for PBXNativeTarget "MarvelAPIListSampleUITests" */;
			buildPhases = (
				DA1F3C8C7D7E3B79031D504A /* [CP] Check Pods Manifest.lock */,
				DB7D79E1268F121A004E3088 /* Sources */,
				DB7D79E2268F121A004E3088 /* Frameworks */,
				DB7D79E3268F121A004E3088 /* Resources */,
			);
			buildRules = (
			);
			dependencies = (
				DB7D79E7268F121A004E3088 /* PBXTargetDependency */,
			);
			name = MarvelAPIListSampleUITests;
			productName = MarvelAPIListSampleUITests;
			productReference = DB7D79E5268F121A004E3088 /* MarvelAPIListSampleUITests.xctest */;
			productType = "com.apple.product-type.bundle.ui-testing";
		};
/* End PBXNativeTarget section */

/* Begin PBXProject section */
		DB7D79BC268F120E004E3088 /* Project object */ = {
			isa = PBXProject;
			attributes = {
				LastSwiftUpdateCheck = 1240;
				LastUpgradeCheck = 1240;
				TargetAttributes = {
					DB7D79C3268F120E004E3088 = {
						CreatedOnToolsVersion = 12.4;
					};
					DB7D79D9268F1219004E3088 = {
						CreatedOnToolsVersion = 12.4;
						TestTargetID = DB7D79C3268F120E004E3088;
					};
					DB7D79E4268F121A004E3088 = {
						CreatedOnToolsVersion = 12.4;
						TestTargetID = DB7D79C3268F120E004E3088;
					};
				};
			};
			buildConfigurationList = DB7D79BF268F120E004E3088 /* Build configuration list for PBXProject "MarvelAPIListSample" */;
			compatibilityVersion = "Xcode 9.3";
			developmentRegion = en;
			hasScannedForEncodings = 0;
			knownRegions = (
				en,
				Base,
			);
			mainGroup = DB7D79BB268F120E004E3088;
			productRefGroup = DB7D79C5268F120E004E3088 /* Products */;
			projectDirPath = "";
			projectRoot = "";
			targets = (
				DB7D79C3268F120E004E3088 /* MarvelAPIListSample */,
				DB7D79D9268F1219004E3088 /* MarvelAPIListSampleTests */,
				DB7D79E4268F121A004E3088 /* MarvelAPIListSampleUITests */,
			);
		};
/* End PBXProject section */

/* Begin PBXResourcesBuildPhase section */
		DB7D79C2268F120E004E3088 /* Resources */ = {
			isa = PBXResourcesBuildPhase;
			buildActionMask = 2147483647;
			files = (
				DB7D79D4268F1219004E3088 /* LaunchScreen.storyboard in Resources */,
				DB7D79D1268F1219004E3088 /* Assets.xcassets in Resources */,
				DB8ACCB12694725200ACC425 /* CharacterDetailTableViewCell.xib in Resources */,
				DB349660269328A200442F6B /* CharactersListView.xib in Resources */,
				DB34963826931BC600442F6B /* CharacterListTableViewCell.xib in Resources */,
				DB8ACCA926946ECD00ACC425 /* CharacterDetailView.xib in Resources */,
			);
			runOnlyForDeploymentPostprocessing = 0;
		};
		DB7D79D8268F1219004E3088 /* Resources */ = {
			isa = PBXResourcesBuildPhase;
			buildActionMask = 2147483647;
			files = (
			);
			runOnlyForDeploymentPostprocessing = 0;
		};
		DB7D79E3268F121A004E3088 /* Resources */ = {
			isa = PBXResourcesBuildPhase;
			buildActionMask = 2147483647;
			files = (
			);
			runOnlyForDeploymentPostprocessing = 0;
		};
/* End PBXResourcesBuildPhase section */

/* Begin PBXShellScriptBuildPhase section */
		3ABD4BBB6C945D6DD9E9CFF3 /* [CP] Check Pods Manifest.lock */ = {
			isa = PBXShellScriptBuildPhase;
			buildActionMask = 2147483647;
			files = (
			);
			inputFileListPaths = (
			);
			inputPaths = (
				"${PODS_PODFILE_DIR_PATH}/Podfile.lock",
				"${PODS_ROOT}/Manifest.lock",
			);
			name = "[CP] Check Pods Manifest.lock";
			outputFileListPaths = (
			);
			outputPaths = (
				"$(DERIVED_FILE_DIR)/Pods-MarvelAPIListSampleTests-checkManifestLockResult.txt",
			);
			runOnlyForDeploymentPostprocessing = 0;
			shellPath = /bin/sh;
			shellScript = "diff \"${PODS_PODFILE_DIR_PATH}/Podfile.lock\" \"${PODS_ROOT}/Manifest.lock\" > /dev/null\nif [ $? != 0 ] ; then\n    # print error to STDERR\n    echo \"error: The sandbox is not in sync with the Podfile.lock. Run 'pod install' or update your CocoaPods installation.\" >&2\n    exit 1\nfi\n# This output is used by Xcode 'outputs' to avoid re-running this script phase.\necho \"SUCCESS\" > \"${SCRIPT_OUTPUT_FILE_0}\"\n";
			showEnvVarsInLog = 0;
		};
		DA1F3C8C7D7E3B79031D504A /* [CP] Check Pods Manifest.lock */ = {
			isa = PBXShellScriptBuildPhase;
			buildActionMask = 2147483647;
			files = (
			);
			inputFileListPaths = (
			);
			inputPaths = (
				"${PODS_PODFILE_DIR_PATH}/Podfile.lock",
				"${PODS_ROOT}/Manifest.lock",
			);
			name = "[CP] Check Pods Manifest.lock";
			outputFileListPaths = (
			);
			outputPaths = (
				"$(DERIVED_FILE_DIR)/Pods-MarvelAPIListSampleUITests-checkManifestLockResult.txt",
			);
			runOnlyForDeploymentPostprocessing = 0;
			shellPath = /bin/sh;
			shellScript = "diff \"${PODS_PODFILE_DIR_PATH}/Podfile.lock\" \"${PODS_ROOT}/Manifest.lock\" > /dev/null\nif [ $? != 0 ] ; then\n    # print error to STDERR\n    echo \"error: The sandbox is not in sync with the Podfile.lock. Run 'pod install' or update your CocoaPods installation.\" >&2\n    exit 1\nfi\n# This output is used by Xcode 'outputs' to avoid re-running this script phase.\necho \"SUCCESS\" > \"${SCRIPT_OUTPUT_FILE_0}\"\n";
			showEnvVarsInLog = 0;
		};
		DB34964926931D4D00442F6B /* R.swift */ = {
			isa = PBXShellScriptBuildPhase;
			buildActionMask = 2147483647;
			files = (
			);
			inputFileListPaths = (
			);
			inputPaths = (
				"$TEMP_DIR/rswift-lastrun",
			);
			name = R.swift;
			outputFileListPaths = (
			);
			outputPaths = (
				$SRCROOT/MarvelAPIListSample/Infraestructure/Resources/R.generated.swift,
			);
			runOnlyForDeploymentPostprocessing = 0;
			shellPath = /bin/sh;
			shellScript = "# Type a script or drag a script file from your workspace to insert its path.\n\"$PODS_ROOT/R.swift/rswift\" generate \"$SRCROOT/MarvelAPIListSample/Infraestructure/Resources/R.generated.swift\"\n";
		};
		E2ED0D14EBC8560CB97F74E7 /* [CP] Embed Pods Frameworks */ = {
			isa = PBXShellScriptBuildPhase;
			buildActionMask = 2147483647;
			files = (
			);
			inputFileListPaths = (
				"${PODS_ROOT}/Target Support Files/Pods-MarvelAPIListSample/Pods-MarvelAPIListSample-frameworks-${CONFIGURATION}-input-files.xcfilelist",
			);
			name = "[CP] Embed Pods Frameworks";
			outputFileListPaths = (
				"${PODS_ROOT}/Target Support Files/Pods-MarvelAPIListSample/Pods-MarvelAPIListSample-frameworks-${CONFIGURATION}-output-files.xcfilelist",
			);
			runOnlyForDeploymentPostprocessing = 0;
			shellPath = /bin/sh;
			shellScript = "\"${PODS_ROOT}/Target Support Files/Pods-MarvelAPIListSample/Pods-MarvelAPIListSample-frameworks.sh\"\n";
			showEnvVarsInLog = 0;
		};
		F1D0E1001E12CAF4BB9B6A7B /* [CP] Check Pods Manifest.lock */ = {
			isa = PBXShellScriptBuildPhase;
			buildActionMask = 2147483647;
			files = (
			);
			inputFileListPaths = (
			);
			inputPaths = (
				"${PODS_PODFILE_DIR_PATH}/Podfile.lock",
				"${PODS_ROOT}/Manifest.lock",
			);
			name = "[CP] Check Pods Manifest.lock";
			outputFileListPaths = (
			);
			outputPaths = (
				"$(DERIVED_FILE_DIR)/Pods-MarvelAPIListSample-checkManifestLockResult.txt",
			);
			runOnlyForDeploymentPostprocessing = 0;
			shellPath = /bin/sh;
			shellScript = "diff \"${PODS_PODFILE_DIR_PATH}/Podfile.lock\" \"${PODS_ROOT}/Manifest.lock\" > /dev/null\nif [ $? != 0 ] ; then\n    # print error to STDERR\n    echo \"error: The sandbox is not in sync with the Podfile.lock. Run 'pod install' or update your CocoaPods installation.\" >&2\n    exit 1\nfi\n# This output is used by Xcode 'outputs' to avoid re-running this script phase.\necho \"SUCCESS\" > \"${SCRIPT_OUTPUT_FILE_0}\"\n";
			showEnvVarsInLog = 0;
		};
/* End PBXShellScriptBuildPhase section */

/* Begin PBXSourcesBuildPhase section */
		DB7D79C0268F120E004E3088 /* Sources */ = {
			isa = PBXSourcesBuildPhase;
			buildActionMask = 2147483647;
			files = (
				DB7D7A742693099E004E3088 /* Thumbnail.swift in Sources */,
				DB8ACC8726945F8600ACC425 /* CharacterDetailPresenter.swift in Sources */,
				DB7D7A39268F1B57004E3088 /* UIView+Additions.swift in Sources */,
				DB8ACC8B26945F8600ACC425 /* CharacterDetailView.swift in Sources */,
				DB34962C26931B1D00442F6B /* CharactersListViewController.swift in Sources */,
				DB7D7A4F269306A2004E3088 /* String+Additions.swift in Sources */,
				DB8ACC8C26945F8600ACC425 /* CharacterDetailModel.swift in Sources */,
				DB7D7A722693099E004E3088 /* Url.swift in Sources */,
				DB3496522693203300442F6B /* ErrorModel.swift in Sources */,
				DBC0D4D626930D3800853CE8 /* EnviromentService.swift in Sources */,
				DB34962E26931B1D00442F6B /* CharactersListView.swift in Sources */,
				DB7D7A7F26930B75004E3088 /* APIClient.swift in Sources */,
				DB7D7A752693099E004E3088 /* Series.swift in Sources */,
				DB34962926931B1D00442F6B /* CharactersListFactorable.swift in Sources */,
				DB7D7A2C268F1ACA004E3088 /* BaseViewController.swift in Sources */,
				DB34962A26931B1D00442F6B /* CharactersListPresenter.swift in Sources */,
				DB34962F26931B1D00442F6B /* CharactersListModel.swift in Sources */,
				DB7D7A34268F1AD5004E3088 /* BaseView.swift in Sources */,
				DB8ACC8926945F8600ACC425 /* CharacterDetailViewController.swift in Sources */,
				DB34960626930EB500442F6B /* CustomNetworkError.swift in Sources */,
				DB34963726931BC600442F6B /* CharacterListTableViewCell.swift in Sources */,
				DB7D7A3E268F1BC9004E3088 /* UIViewController+AlertController.swift in Sources */,
				DB8ACC9F26946B7400ACC425 /* ItemEvent.swift in Sources */,
				DB7D7A8426930B75004E3088 /* APIRouter.swift in Sources */,
				DB34961E269310F100442F6B /* Dictionary+Additions.swift in Sources */,
				DB34962B26931B1D00442F6B /* CharactersListRouter.swift in Sources */,
				DB7D7A8226930B75004E3088 /* APIConstants.swift in Sources */,
				DB349658269320C600442F6B /* LoaderView.swift in Sources */,
				DB7D7A732693099E004E3088 /* Event.swift in Sources */,
				DB8ACC9526946A7E00ACC425 /* ItemStory.swift in Sources */,
				DB34967326932BDD00442F6B /* R.generated.swift in Sources */,
				DB8ACC8A26945F8600ACC425 /* CharacterDetailInteractor.swift in Sources */,
				DB7D7A6F2693099E004E3088 /* CharactersList.swift in Sources */,
				DB7D7A702693099E004E3088 /* Story.swift in Sources */,
				DB8ACC8626945F8600ACC425 /* CharacterDetailFactorable.swift in Sources */,
				DB7D7A712693099E004E3088 /* Comic.swift in Sources */,
				DB7D7A23268F1A28004E3088 /* AppInjector.swift in Sources */,
				DB8ACC8826945F8600ACC425 /* CharacterDetailRouter.swift in Sources */,
				DB8ACC9A26946AF800ACC425 /* ItemSeries.swift in Sources */,
				DB8ACCB02694725200ACC425 /* CharacterDetailTableViewCell.swift in Sources */,
				DB34962D26931B1D00442F6B /* CharactersListInteractor.swift in Sources */,
				DB8ACCA426946BEB00ACC425 /* ItemComic.swift in Sources */,
				DB7D79C8268F120E004E3088 /* AppDelegate.swift in Sources */,
				DB7D7A6D2693099E004E3088 /* Datum.swift in Sources */,
				DB7D7A6E2693099E004E3088 /* Result.swift in Sources */,
			);
			runOnlyForDeploymentPostprocessing = 0;
		};
		DB7D79D6268F1219004E3088 /* Sources */ = {
			isa = PBXSourcesBuildPhase;
			buildActionMask = 2147483647;
			files = (
				DB7D79DF268F121A004E3088 /* MarvelAPIListSampleTests.swift in Sources */,
			);
			runOnlyForDeploymentPostprocessing = 0;
		};
		DB7D79E1268F121A004E3088 /* Sources */ = {
			isa = PBXSourcesBuildPhase;
			buildActionMask = 2147483647;
			files = (
				DB7D79EA268F121A004E3088 /* MarvelAPIListSampleUITests.swift in Sources */,
			);
			runOnlyForDeploymentPostprocessing = 0;
		};
/* End PBXSourcesBuildPhase section */

/* Begin PBXTargetDependency section */
		DB7D79DC268F1219004E3088 /* PBXTargetDependency */ = {
			isa = PBXTargetDependency;
			target = DB7D79C3268F120E004E3088 /* MarvelAPIListSample */;
			targetProxy = DB7D79DB268F1219004E3088 /* PBXContainerItemProxy */;
		};
		DB7D79E7268F121A004E3088 /* PBXTargetDependency */ = {
			isa = PBXTargetDependency;
			target = DB7D79C3268F120E004E3088 /* MarvelAPIListSample */;
			targetProxy = DB7D79E6268F121A004E3088 /* PBXContainerItemProxy */;
		};
/* End PBXTargetDependency section */

/* Begin PBXVariantGroup section */
		DB7D79D2268F1219004E3088 /* LaunchScreen.storyboard */ = {
			isa = PBXVariantGroup;
			children = (
				DB7D79D3268F1219004E3088 /* Base */,
			);
			name = LaunchScreen.storyboard;
			sourceTree = "<group>";
		};
/* End PBXVariantGroup section */

/* Begin XCBuildConfiguration section */
		DB7D79EC268F121A004E3088 /* Debug */ = {
			isa = XCBuildConfiguration;
			baseConfigurationReference = DB7D7A5726930731004E3088 /* Debug.xcconfig */;
			buildSettings = {
				ALWAYS_SEARCH_USER_PATHS = NO;
				CLANG_ANALYZER_NONNULL = YES;
				CLANG_ANALYZER_NUMBER_OBJECT_CONVERSION = YES_AGGRESSIVE;
				CLANG_CXX_LANGUAGE_STANDARD = "gnu++14";
				CLANG_CXX_LIBRARY = "libc++";
				CLANG_ENABLE_MODULES = YES;
				CLANG_ENABLE_OBJC_ARC = YES;
				CLANG_ENABLE_OBJC_WEAK = YES;
				CLANG_WARN_BLOCK_CAPTURE_AUTORELEASING = YES;
				CLANG_WARN_BOOL_CONVERSION = YES;
				CLANG_WARN_COMMA = YES;
				CLANG_WARN_CONSTANT_CONVERSION = YES;
				CLANG_WARN_DEPRECATED_OBJC_IMPLEMENTATIONS = YES;
				CLANG_WARN_DIRECT_OBJC_ISA_USAGE = YES_ERROR;
				CLANG_WARN_DOCUMENTATION_COMMENTS = YES;
				CLANG_WARN_EMPTY_BODY = YES;
				CLANG_WARN_ENUM_CONVERSION = YES;
				CLANG_WARN_INFINITE_RECURSION = YES;
				CLANG_WARN_INT_CONVERSION = YES;
				CLANG_WARN_NON_LITERAL_NULL_CONVERSION = YES;
				CLANG_WARN_OBJC_IMPLICIT_RETAIN_SELF = YES;
				CLANG_WARN_OBJC_LITERAL_CONVERSION = YES;
				CLANG_WARN_OBJC_ROOT_CLASS = YES_ERROR;
				CLANG_WARN_QUOTED_INCLUDE_IN_FRAMEWORK_HEADER = YES;
				CLANG_WARN_RANGE_LOOP_ANALYSIS = YES;
				CLANG_WARN_STRICT_PROTOTYPES = YES;
				CLANG_WARN_SUSPICIOUS_MOVE = YES;
				CLANG_WARN_UNGUARDED_AVAILABILITY = YES_AGGRESSIVE;
				CLANG_WARN_UNREACHABLE_CODE = YES;
				CLANG_WARN__DUPLICATE_METHOD_MATCH = YES;
				COPY_PHASE_STRIP = NO;
				DEBUG_INFORMATION_FORMAT = dwarf;
				ENABLE_STRICT_OBJC_MSGSEND = YES;
				ENABLE_TESTABILITY = YES;
				GCC_C_LANGUAGE_STANDARD = gnu11;
				GCC_DYNAMIC_NO_PIC = NO;
				GCC_NO_COMMON_BLOCKS = YES;
				GCC_OPTIMIZATION_LEVEL = 0;
				GCC_PREPROCESSOR_DEFINITIONS = (
					"DEBUG=1",
					"$(inherited)",
				);
				GCC_WARN_64_TO_32_BIT_CONVERSION = YES;
				GCC_WARN_ABOUT_RETURN_TYPE = YES_ERROR;
				GCC_WARN_UNDECLARED_SELECTOR = YES;
				GCC_WARN_UNINITIALIZED_AUTOS = YES_AGGRESSIVE;
				GCC_WARN_UNUSED_FUNCTION = YES;
				GCC_WARN_UNUSED_VARIABLE = YES;
				IPHONEOS_DEPLOYMENT_TARGET = 14.4;
				MTL_ENABLE_DEBUG_INFO = INCLUDE_SOURCE;
				MTL_FAST_MATH = YES;
				ONLY_ACTIVE_ARCH = YES;
				SDKROOT = iphoneos;
				SWIFT_ACTIVE_COMPILATION_CONDITIONS = DEBUG;
				SWIFT_OPTIMIZATION_LEVEL = "-Onone";
			};
			name = Debug;
		};
		DB7D79ED268F121A004E3088 /* Release */ = {
			isa = XCBuildConfiguration;
			baseConfigurationReference = DB7D7A5826930740004E3088 /* Release.xcconfig */;
			buildSettings = {
				ALWAYS_SEARCH_USER_PATHS = NO;
				CLANG_ANALYZER_NONNULL = YES;
				CLANG_ANALYZER_NUMBER_OBJECT_CONVERSION = YES_AGGRESSIVE;
				CLANG_CXX_LANGUAGE_STANDARD = "gnu++14";
				CLANG_CXX_LIBRARY = "libc++";
				CLANG_ENABLE_MODULES = YES;
				CLANG_ENABLE_OBJC_ARC = YES;
				CLANG_ENABLE_OBJC_WEAK = YES;
				CLANG_WARN_BLOCK_CAPTURE_AUTORELEASING = YES;
				CLANG_WARN_BOOL_CONVERSION = YES;
				CLANG_WARN_COMMA = YES;
				CLANG_WARN_CONSTANT_CONVERSION = YES;
				CLANG_WARN_DEPRECATED_OBJC_IMPLEMENTATIONS = YES;
				CLANG_WARN_DIRECT_OBJC_ISA_USAGE = YES_ERROR;
				CLANG_WARN_DOCUMENTATION_COMMENTS = YES;
				CLANG_WARN_EMPTY_BODY = YES;
				CLANG_WARN_ENUM_CONVERSION = YES;
				CLANG_WARN_INFINITE_RECURSION = YES;
				CLANG_WARN_INT_CONVERSION = YES;
				CLANG_WARN_NON_LITERAL_NULL_CONVERSION = YES;
				CLANG_WARN_OBJC_IMPLICIT_RETAIN_SELF = YES;
				CLANG_WARN_OBJC_LITERAL_CONVERSION = YES;
				CLANG_WARN_OBJC_ROOT_CLASS = YES_ERROR;
				CLANG_WARN_QUOTED_INCLUDE_IN_FRAMEWORK_HEADER = YES;
				CLANG_WARN_RANGE_LOOP_ANALYSIS = YES;
				CLANG_WARN_STRICT_PROTOTYPES = YES;
				CLANG_WARN_SUSPICIOUS_MOVE = YES;
				CLANG_WARN_UNGUARDED_AVAILABILITY = YES_AGGRESSIVE;
				CLANG_WARN_UNREACHABLE_CODE = YES;
				CLANG_WARN__DUPLICATE_METHOD_MATCH = YES;
				COPY_PHASE_STRIP = NO;
				DEBUG_INFORMATION_FORMAT = "dwarf-with-dsym";
				ENABLE_NS_ASSERTIONS = NO;
				ENABLE_STRICT_OBJC_MSGSEND = YES;
				GCC_C_LANGUAGE_STANDARD = gnu11;
				GCC_NO_COMMON_BLOCKS = YES;
				GCC_WARN_64_TO_32_BIT_CONVERSION = YES;
				GCC_WARN_ABOUT_RETURN_TYPE = YES_ERROR;
				GCC_WARN_UNDECLARED_SELECTOR = YES;
				GCC_WARN_UNINITIALIZED_AUTOS = YES_AGGRESSIVE;
				GCC_WARN_UNUSED_FUNCTION = YES;
				GCC_WARN_UNUSED_VARIABLE = YES;
				IPHONEOS_DEPLOYMENT_TARGET = 14.4;
				MTL_ENABLE_DEBUG_INFO = NO;
				MTL_FAST_MATH = YES;
				SDKROOT = iphoneos;
				SWIFT_COMPILATION_MODE = wholemodule;
				SWIFT_OPTIMIZATION_LEVEL = "-O";
				VALIDATE_PRODUCT = YES;
			};
			name = Release;
		};
		DB7D79EF268F121A004E3088 /* Debug */ = {
			isa = XCBuildConfiguration;
			baseConfigurationReference = 13B737A275E27088FC492278 /* Pods-MarvelAPIListSample.debug.xcconfig */;
			buildSettings = {
				ASSETCATALOG_COMPILER_APPICON_NAME = AppIcon;
				ASSETCATALOG_COMPILER_GLOBAL_ACCENT_COLOR_NAME = AccentColor;
				CODE_SIGN_STYLE = Automatic;
				DEVELOPMENT_TEAM = 8NX33F6527;
				INFOPLIST_FILE = MarvelAPIListSample/Infraestructure/Info.plist;
				LD_RUNPATH_SEARCH_PATHS = (
					"$(inherited)",
					"@executable_path/Frameworks",
				);
				PRODUCT_BUNDLE_IDENTIFIER = com.MarcoIO.MarvelAPIListSample;
				PRODUCT_NAME = "$(TARGET_NAME)";
				SWIFT_VERSION = 5.0;
				TARGETED_DEVICE_FAMILY = "1,2";
			};
			name = Debug;
		};
		DB7D79F0268F121A004E3088 /* Release */ = {
			isa = XCBuildConfiguration;
			baseConfigurationReference = 560A4281734B7A62E335C5F0 /* Pods-MarvelAPIListSample.release.xcconfig */;
			buildSettings = {
				ASSETCATALOG_COMPILER_APPICON_NAME = AppIcon;
				ASSETCATALOG_COMPILER_GLOBAL_ACCENT_COLOR_NAME = AccentColor;
				CODE_SIGN_STYLE = Automatic;
				DEVELOPMENT_TEAM = 8NX33F6527;
				INFOPLIST_FILE = MarvelAPIListSample/Infraestructure/Info.plist;
				LD_RUNPATH_SEARCH_PATHS = (
					"$(inherited)",
					"@executable_path/Frameworks",
				);
				PRODUCT_BUNDLE_IDENTIFIER = com.MarcoIO.MarvelAPIListSample;
				PRODUCT_NAME = "$(TARGET_NAME)";
				SWIFT_VERSION = 5.0;
				TARGETED_DEVICE_FAMILY = "1,2";
			};
			name = Release;
		};
		DB7D79F2268F121A004E3088 /* Debug */ = {
			isa = XCBuildConfiguration;
			baseConfigurationReference = 898336A9A3F3A91718A6736E /* Pods-MarvelAPIListSampleTests.debug.xcconfig */;
			buildSettings = {
				ALWAYS_EMBED_SWIFT_STANDARD_LIBRARIES = YES;
				BUNDLE_LOADER = "$(TEST_HOST)";
				CODE_SIGN_STYLE = Automatic;
				DEVELOPMENT_TEAM = 8NX33F6527;
				INFOPLIST_FILE = MarvelAPIListSampleTests/Info.plist;
				IPHONEOS_DEPLOYMENT_TARGET = 14.4;
				LD_RUNPATH_SEARCH_PATHS = (
					"$(inherited)",
					"@executable_path/Frameworks",
					"@loader_path/Frameworks",
				);
				PRODUCT_BUNDLE_IDENTIFIER = com.MarcoIO.MarvelAPIListSampleTests;
				PRODUCT_NAME = "$(TARGET_NAME)";
				SWIFT_VERSION = 5.0;
				TARGETED_DEVICE_FAMILY = "1,2";
				TEST_HOST = "$(BUILT_PRODUCTS_DIR)/MarvelAPIListSample.app/MarvelAPIListSample";
			};
			name = Debug;
		};
		DB7D79F3268F121A004E3088 /* Release */ = {
			isa = XCBuildConfiguration;
			baseConfigurationReference = 2F982EF37C670EB91A29C723 /* Pods-MarvelAPIListSampleTests.release.xcconfig */;
			buildSettings = {
				ALWAYS_EMBED_SWIFT_STANDARD_LIBRARIES = YES;
				BUNDLE_LOADER = "$(TEST_HOST)";
				CODE_SIGN_STYLE = Automatic;
				DEVELOPMENT_TEAM = 8NX33F6527;
				INFOPLIST_FILE = MarvelAPIListSampleTests/Info.plist;
				IPHONEOS_DEPLOYMENT_TARGET = 14.4;
				LD_RUNPATH_SEARCH_PATHS = (
					"$(inherited)",
					"@executable_path/Frameworks",
					"@loader_path/Frameworks",
				);
				PRODUCT_BUNDLE_IDENTIFIER = com.MarcoIO.MarvelAPIListSampleTests;
				PRODUCT_NAME = "$(TARGET_NAME)";
				SWIFT_VERSION = 5.0;
				TARGETED_DEVICE_FAMILY = "1,2";
				TEST_HOST = "$(BUILT_PRODUCTS_DIR)/MarvelAPIListSample.app/MarvelAPIListSample";
			};
			name = Release;
		};
		DB7D79F5268F121A004E3088 /* Debug */ = {
			isa = XCBuildConfiguration;
			baseConfigurationReference = EBE568F9C934A2C8F5B2C819 /* Pods-MarvelAPIListSampleUITests.debug.xcconfig */;
			buildSettings = {
				ALWAYS_EMBED_SWIFT_STANDARD_LIBRARIES = YES;
				CODE_SIGN_STYLE = Automatic;
				DEVELOPMENT_TEAM = 8NX33F6527;
				INFOPLIST_FILE = MarvelAPIListSampleUITests/Info.plist;
				LD_RUNPATH_SEARCH_PATHS = (
					"$(inherited)",
					"@executable_path/Frameworks",
					"@loader_path/Frameworks",
				);
				PRODUCT_BUNDLE_IDENTIFIER = com.MarcoIO.MarvelAPIListSampleUITests;
				PRODUCT_NAME = "$(TARGET_NAME)";
				SWIFT_VERSION = 5.0;
				TARGETED_DEVICE_FAMILY = "1,2";
				TEST_TARGET_NAME = MarvelAPIListSample;
			};
			name = Debug;
		};
		DB7D79F6268F121A004E3088 /* Release */ = {
			isa = XCBuildConfiguration;
			baseConfigurationReference = C9B17AE28BF8930D7C2639C8 /* Pods-MarvelAPIListSampleUITests.release.xcconfig */;
			buildSettings = {
				ALWAYS_EMBED_SWIFT_STANDARD_LIBRARIES = YES;
				CODE_SIGN_STYLE = Automatic;
				DEVELOPMENT_TEAM = 8NX33F6527;
				INFOPLIST_FILE = MarvelAPIListSampleUITests/Info.plist;
				LD_RUNPATH_SEARCH_PATHS = (
					"$(inherited)",
					"@executable_path/Frameworks",
					"@loader_path/Frameworks",
				);
				PRODUCT_BUNDLE_IDENTIFIER = com.MarcoIO.MarvelAPIListSampleUITests;
				PRODUCT_NAME = "$(TARGET_NAME)";
				SWIFT_VERSION = 5.0;
				TARGETED_DEVICE_FAMILY = "1,2";
				TEST_TARGET_NAME = MarvelAPIListSample;
			};
			name = Release;
		};
/* End XCBuildConfiguration section */

/* Begin XCConfigurationList section */
		DB7D79BF268F120E004E3088 /* Build configuration list for PBXProject "MarvelAPIListSample" */ = {
			isa = XCConfigurationList;
			buildConfigurations = (
				DB7D79EC268F121A004E3088 /* Debug */,
				DB7D79ED268F121A004E3088 /* Release */,
			);
			defaultConfigurationIsVisible = 0;
			defaultConfigurationName = Release;
		};
		DB7D79EE268F121A004E3088 /* Build configuration list for PBXNativeTarget "MarvelAPIListSample" */ = {
			isa = XCConfigurationList;
			buildConfigurations = (
				DB7D79EF268F121A004E3088 /* Debug */,
				DB7D79F0268F121A004E3088 /* Release */,
			);
			defaultConfigurationIsVisible = 0;
			defaultConfigurationName = Release;
		};
		DB7D79F1268F121A004E3088 /* Build configuration list for PBXNativeTarget "MarvelAPIListSampleTests" */ = {
			isa = XCConfigurationList;
			buildConfigurations = (
				DB7D79F2268F121A004E3088 /* Debug */,
				DB7D79F3268F121A004E3088 /* Release */,
			);
			defaultConfigurationIsVisible = 0;
			defaultConfigurationName = Release;
		};
		DB7D79F4268F121A004E3088 /* Build configuration list for PBXNativeTarget "MarvelAPIListSampleUITests" */ = {
			isa = XCConfigurationList;
			buildConfigurations = (
				DB7D79F5268F121A004E3088 /* Debug */,
				DB7D79F6268F121A004E3088 /* Release */,
			);
			defaultConfigurationIsVisible = 0;
			defaultConfigurationName = Release;
		};
/* End XCConfigurationList section */
	};
	rootObject = DB7D79BC268F120E004E3088 /* Project object */;
}
